
Microsoft Visual Studio Solution File, Format Version 12.00
# Visual Studio Version 18
VisualStudioVersion = 18.0.11222.15 d18.0
MinimumVisualStudioVersion = 10.0.40219.1
Project("{2150E333-8FDC-42A3-9474-1A3956D46DE8}") = "Solution Items", "Solution Items", "{3A547610-7230-488F-A0AC-6501D0FA5BD1}"
	ProjectSection(SolutionItems) = preProject
		..\.gitignore = ..\.gitignore
		..\doc\ARCHITECTURE_EVOLUTION.md = ..\doc\ARCHITECTURE_EVOLUTION.md
		..\doc\FIREBASE_ROLE_MIGRATION.md = ..\doc\FIREBASE_ROLE_MIGRATION.md
		..\doc\FIREBASE_SECURITY_RULES.md = ..\doc\FIREBASE_SECURITY_RULES.md
		..\doc\FIREBASE_SETUP.md = ..\doc\FIREBASE_SETUP.md
		nuget.config = nuget.config
		..\doc\OFFLINE_PASSWORD_CHANGE_PLAN.md = ..\doc\OFFLINE_PASSWORD_CHANGE_PLAN.md
		..\doc\OFFLINE_SYNC.md = ..\doc\OFFLINE_SYNC.md
		..\doc\README.md = ..\doc\README.md
		..\doc\ROADMAP.md = ..\doc\ROADMAP.md
		..\doc\SYNC_IMPLEMENTATION.md = ..\doc\SYNC_IMPLEMENTATION.md
		..\doc\TESTING_GUIDE.md = ..\doc\TESTING_GUIDE.md
	EndProjectSection
EndProject
Project("{FAE04EC0-301F-11D3-BF4B-00C04F79EFBC}") = "myFlatLightLogin.Core", "myFlatLightLogin.Core\myFlatLightLogin.Core.csproj", "{61F7749D-55CA-449B-99D4-07176F6F2CC4}"
EndProject
Project("{2150E333-8FDC-42A3-9474-1A3956D46DE8}") = "UI", "UI", "{02EA681E-C7D8-13C7-8484-4AC65E1B71E8}"
EndProject
Project("{2150E333-8FDC-42A3-9474-1A3956D46DE8}") = "DAL", "DAL", "{DBE637D5-4A04-4323-9F6D-566367096E74}"
EndProject
Project("{FAE04EC0-301F-11D3-BF4B-00C04F79EFBC}") = "myFlatLightLogin.Dal", "DAL\myFlatLightLogin.Dal\myFlatLightLogin.Dal.csproj", "{B7288E7A-78BB-CBBB-BCD3-47C001891A35}"
EndProject
Project("{FAE04EC0-301F-11D3-BF4B-00C04F79EFBC}") = "myFlatLightLogin.DalFirebase", "DAL\myFlatLightLogin.DalFirebase\myFlatLightLogin.DalFirebase.csproj", "{030DE60E-DFB2-84FD-593F-5E6372490891}"
EndProject
Project("{FAE04EC0-301F-11D3-BF4B-00C04F79EFBC}") = "myFlatLightLogin.DalSQLite", "DAL\myFlatLightLogin.DalSQLite\myFlatLightLogin.DalSQLite.csproj", "{1241D2E3-6DBA-A332-889E-249AC5FBFC63}"
EndProject
Project("{FAE04EC0-301F-11D3-BF4B-00C04F79EFBC}") = "myFlatLightLogin.UI.Wpf", "UI\myFlatLightLogin.UI.Wpf\myFlatLightLogin.UI.Wpf.csproj", "{AD877F5A-E429-37A0-45B9-B9F4D9958B36}"
EndProject
Project("{FAE04EC0-301F-11D3-BF4B-00C04F79EFBC}") = "myFlatLightLogin.UI.Common", "UI\myFlatLightLogin.UI.Common\myFlatLightLogin.UI.Common.csproj", "{C8F4A2B5-7E9D-4F1A-9C6B-3D8E5F2A1B7C}"
EndProject
Project("{2150E333-8FDC-42A3-9474-1A3956D46DE8}") = "BLL", "BLL", "{E26A2C0E-0FF1-4ED4-A4C9-CA94F6B16B1D}"
EndProject
Project("{FAE04EC0-301F-11D3-BF4B-00C04F79EFBC}") = "myFlatLightLogin.Library", "myFlatLightLogin.Library\myFlatLightLogin.Library.csproj", "{21E1FA14-13FA-4DEF-8E21-F1527B517E9B}"
EndProject
Global
	GlobalSection(SolutionConfigurationPlatforms) = preSolution
		Debug|Any CPU = Debug|Any CPU
		Release|Any CPU = Release|Any CPU
	EndGlobalSection
	GlobalSection(ProjectConfigurationPlatforms) = postSolution
		{61F7749D-55CA-449B-99D4-07176F6F2CC4}.Debug|Any CPU.ActiveCfg = Debug|Any CPU
		{61F7749D-55CA-449B-99D4-07176F6F2CC4}.Debug|Any CPU.Build.0 = Debug|Any CPU
		{61F7749D-55CA-449B-99D4-07176F6F2CC4}.Release|Any CPU.ActiveCfg = Release|Any CPU
		{61F7749D-55CA-449B-99D4-07176F6F2CC4}.Release|Any CPU.Build.0 = Release|Any CPU
		{B7288E7A-78BB-CBBB-BCD3-47C001891A35}.Debug|Any CPU.ActiveCfg = Debug|Any CPU
		{B7288E7A-78BB-CBBB-BCD3-47C001891A35}.Debug|Any CPU.Build.0 = Debug|Any CPU
		{B7288E7A-78BB-CBBB-BCD3-47C001891A35}.Release|Any CPU.ActiveCfg = Release|Any CPU
		{B7288E7A-78BB-CBBB-BCD3-47C001891A35}.Release|Any CPU.Build.0 = Release|Any CPU
		{030DE60E-DFB2-84FD-593F-5E6372490891}.Debug|Any CPU.ActiveCfg = Debug|Any CPU
		{030DE60E-DFB2-84FD-593F-5E6372490891}.Debug|Any CPU.Build.0 = Debug|Any CPU
		{030DE60E-DFB2-84FD-593F-5E6372490891}.Release|Any CPU.ActiveCfg = Release|Any CPU
		{030DE60E-DFB2-84FD-593F-5E6372490891}.Release|Any CPU.Build.0 = Release|Any CPU
		{1241D2E3-6DBA-A332-889E-249AC5FBFC63}.Debug|Any CPU.ActiveCfg = Debug|Any CPU
		{1241D2E3-6DBA-A332-889E-249AC5FBFC63}.Debug|Any CPU.Build.0 = Debug|Any CPU
		{1241D2E3-6DBA-A332-889E-249AC5FBFC63}.Release|Any CPU.ActiveCfg = Release|Any CPU
		{1241D2E3-6DBA-A332-889E-249AC5FBFC63}.Release|Any CPU.Build.0 = Release|Any CPU
		{AD877F5A-E429-37A0-45B9-B9F4D9958B36}.Debug|Any CPU.ActiveCfg = Debug|Any CPU
		{AD877F5A-E429-37A0-45B9-B9F4D9958B36}.Debug|Any CPU.Build.0 = Debug|Any CPU
		{AD877F5A-E429-37A0-45B9-B9F4D9958B36}.Release|Any CPU.ActiveCfg = Release|Any CPU
		{AD877F5A-E429-37A0-45B9-B9F4D9958B36}.Release|Any CPU.Build.0 = Release|Any CPU
		{C8F4A2B5-7E9D-4F1A-9C6B-3D8E5F2A1B7C}.Debug|Any CPU.ActiveCfg = Debug|Any CPU
		{C8F4A2B5-7E9D-4F1A-9C6B-3D8E5F2A1B7C}.Debug|Any CPU.Build.0 = Debug|Any CPU
		{C8F4A2B5-7E9D-4F1A-9C6B-3D8E5F2A1B7C}.Release|Any CPU.ActiveCfg = Release|Any CPU
		{C8F4A2B5-7E9D-4F1A-9C6B-3D8E5F2A1B7C}.Release|Any CPU.Build.0 = Release|Any CPU
		{21E1FA14-13FA-4DEF-8E21-F1527B517E9B}.Debug|Any CPU.ActiveCfg = Debug|Any CPU
		{21E1FA14-13FA-4DEF-8E21-F1527B517E9B}.Debug|Any CPU.Build.0 = Debug|Any CPU
		{21E1FA14-13FA-4DEF-8E21-F1527B517E9B}.Release|Any CPU.ActiveCfg = Release|Any CPU
		{21E1FA14-13FA-4DEF-8E21-F1527B517E9B}.Release|Any CPU.Build.0 = Release|Any CPU
	EndGlobalSection
	GlobalSection(SolutionProperties) = preSolution
		HideSolutionNode = FALSE
	EndGlobalSection
	GlobalSection(NestedProjects) = preSolution
		{B7288E7A-78BB-CBBB-BCD3-47C001891A35} = {DBE637D5-4A04-4323-9F6D-566367096E74}
		{030DE60E-DFB2-84FD-593F-5E6372490891} = {DBE637D5-4A04-4323-9F6D-566367096E74}
		{1241D2E3-6DBA-A332-889E-249AC5FBFC63} = {DBE637D5-4A04-4323-9F6D-566367096E74}
		{AD877F5A-E429-37A0-45B9-B9F4D9958B36} = {02EA681E-C7D8-13C7-8484-4AC65E1B71E8}
		{C8F4A2B5-7E9D-4F1A-9C6B-3D8E5F2A1B7C} = {02EA681E-C7D8-13C7-8484-4AC65E1B71E8}
		{21E1FA14-13FA-4DEF-8E21-F1527B517E9B} = {E26A2C0E-0FF1-4ED4-A4C9-CA94F6B16B1D}
	EndGlobalSection
	GlobalSection(ExtensibilityGlobals) = postSolution
		SolutionGuid = {3DC59321-0A92-4FBC-B79C-ED1338B1DE76}
	EndGlobalSection
EndGlobal
